// !$*UTF8*$!
{
	archiveVersion = 1;
	classes = {
	};
	objectVersion = 77;
	objects = {

/* Begin PBXBuildFile section */
		1825E9752ED5A4FB002E23DE /* FirebaseAuth in Frameworks */ = {isa = PBXBuildFile; productRef = 1825E9742ED5A4FB002E23DE /* FirebaseAuth */; };
		189AD3ED2EBCACCC00B8F95A /* FirebaseAnalytics in Frameworks */ = {isa = PBXBuildFile; productRef = 189AD3EC2EBCACCC00B8F95A /* FirebaseAnalytics */; };
		18C835792EBDB574007505D8 /* FirebaseDatabase in Frameworks */ = {isa = PBXBuildFile; productRef = 18C835782EBDB574007505D8 /* FirebaseDatabase */; };
		18C8357B2EBDB599007505D8 /* FirebaseFirestore in Frameworks */ = {isa = PBXBuildFile; productRef = 18C8357A2EBDB599007505D8 /* FirebaseFirestore */; };
		18C8357D2EBDB5A1007505D8 /* FirebaseStorage in Frameworks */ = {isa = PBXBuildFile; productRef = 18C8357C2EBDB5A1007505D8 /* FirebaseStorage */; };
/* End PBXBuildFile section */

/* Begin PBXContainerItemProxy section */
		182BB0872EBB31B500CBF762 /* PBXContainerItemProxy */ = {
			isa = PBXContainerItemProxy;
			containerPortal = 182BB06E2EBB31B300CBF762 /* Project object */;
			proxyType = 1;
			remoteGlobalIDString = 182BB0752EBB31B400CBF762;
			remoteInfo = EmployeeHub;
		};
		182BB0912EBB31B500CBF762 /* PBXContainerItemProxy */ = {
			isa = PBXContainerItemProxy;
			containerPortal = 182BB06E2EBB31B300CBF762 /* Project object */;
			proxyType = 1;
			remoteGlobalIDString = 182BB0752EBB31B400CBF762;
			remoteInfo = EmployeeHub;
		};
/* End PBXContainerItemProxy section */

/* Begin PBXFileReference section */
		182BB0762EBB31B400CBF762 /* EmployeeHub.app */ = {isa = PBXFileReference; explicitFileType = wrapper.application; includeInIndex = 0; path = EmployeeHub.app; sourceTree = BUILT_PRODUCTS_DIR; };
		182BB0862EBB31B500CBF762 /* EmployeeHubTests.xctest */ = {isa = PBXFileReference; explicitFileType = wrapper.cfbundle; includeInIndex = 0; path = EmployeeHubTests.xctest; sourceTree = BUILT_PRODUCTS_DIR; };
		182BB0902EBB31B500CBF762 /* EmployeeHubUITests.xctest */ = {isa = PBXFileReference; explicitFileType = wrapper.cfbundle; includeInIndex = 0; path = EmployeeHubUITests.xctest; sourceTree = BUILT_PRODUCTS_DIR; };
/* End PBXFileReference section */

/* Begin PBXFileSystemSynchronizedRootGroup section */
		182BB0782EBB31B400CBF762 /* EmployeeHub */ = {
			isa = PBXFileSystemSynchronizedRootGroup;
			path = EmployeeHub;
			sourceTree = "<group>";
		};
		182BB0892EBB31B500CBF762 /* EmployeeHubTests */ = {
			isa = PBXFileSystemSynchronizedRootGroup;
			path = EmployeeHubTests;
			sourceTree = "<group>";
		};
		182BB0932EBB31B500CBF762 /* EmployeeHubUITests */ = {
			isa = PBXFileSystemSynchronizedRootGroup;
			path = EmployeeHubUITests;
			sourceTree = "<group>";
		};
/* End PBXFileSystemSynchronizedRootGroup section */

/* Begin PBXFrameworksBuildPhase section */
		182BB0732EBB31B400CBF762 /* Frameworks */ = {
			isa = PBXFrameworksBuildPhase;
			buildActionMask = 2147483647;
			files = (
				18C835792EBDB574007505D8 /* FirebaseDatabase in Frameworks */,
				1825E9752ED5A4FB002E23DE /* FirebaseAuth in Frameworks */,
				18C8357D2EBDB5A1007505D8 /* FirebaseStorage in Frameworks */,
				189AD3ED2EBCACCC00B8F95A /* FirebaseAnalytics in Frameworks */,
				18C8357B2EBDB599007505D8 /* FirebaseFirestore in Frameworks */,
			);
			runOnlyForDeploymentPostprocessing = 0;
		};
		182BB0832EBB31B500CBF762 /* Frameworks */ = {
			isa = PBXFrameworksBuildPhase;
			buildActionMask = 2147483647;
			files = (
			);
			runOnlyForDeploymentPostprocessing = 0;
		};
		182BB08D2EBB31B500CBF762 /* Frameworks */ = {
			isa = PBXFrameworksBuildPhase;
			buildActionMask = 2147483647;
			files = (
			);
			runOnlyForDeploymentPostprocessing = 0;
		};
/* End PBXFrameworksBuildPhase section */

/* Begin PBXGroup section */
		182BB06D2EBB31B300CBF762 = {
			isa = PBXGroup;
			children = (
				182BB0782EBB31B400CBF762 /* EmployeeHub */,
				182BB0892EBB31B500CBF762 /* EmployeeHubTests */,
				182BB0932EBB31B500CBF762 /* EmployeeHubUITests */,
				18C835772EBDB574007505D8 /* Frameworks */,
				182BB0772EBB31B400CBF762 /* Products */,
			);
			sourceTree = "<group>";
		};
		182BB0772EBB31B400CBF762 /* Products */ = {
			isa = PBXGroup;
			children = (
				182BB0762EBB31B400CBF762 /* EmployeeHub.app */,
				182BB0862EBB31B500CBF762 /* EmployeeHubTests.xctest */,
				182BB0902EBB31B500CBF762 /* EmployeeHubUITests.xctest */,
			);
			name = Products;
			sourceTree = "<group>";
		};
		18C835772EBDB574007505D8 /* Frameworks */ = {
			isa = PBXGroup;
			children = (
			);
			name = Frameworks;
			sourceTree = "<group>";
		};
/* End PBXGroup section */

/* Begin PBXNativeTarget section */
		182BB0752EBB31B400CBF762 /* EmployeeHub */ = {
			isa = PBXNativeTarget;
			buildConfigurationList = 182BB09A2EBB31B500CBF762 /* Build configuration list for PBXNativeTarget "EmployeeHub" */;
			buildPhases = (
				182BB0722EBB31B400CBF762 /* Sources */,
				182BB0732EBB31B400CBF762 /* Frameworks */,
				182BB0742EBB31B400CBF762 /* Resources */,
			);
			buildRules = (
			);
			dependencies = (
			);
			fileSystemSynchronizedGroups = (
				182BB0782EBB31B400CBF762 /* EmployeeHub */,
			);
			name = EmployeeHub;
			packageProductDependencies = (
				189AD3EC2EBCACCC00B8F95A /* FirebaseAnalytics */,
				18C835782EBDB574007505D8 /* FirebaseDatabase */,
				18C8357A2EBDB599007505D8 /* FirebaseFirestore */,
				18C8357C2EBDB5A1007505D8 /* FirebaseStorage */,
				1825E9742ED5A4FB002E23DE /* FirebaseAuth */,
			);
			productName = EmployeeHub;
			productReference = 182BB0762EBB31B400CBF762 /* EmployeeHub.app */;
			productType = "com.apple.product-type.application";
		};
		182BB0852EBB31B500CBF762 /* EmployeeHubTests */ = {
			isa = PBXNativeTarget;
			buildConfigurationList = 182BB09D2EBB31B500CBF762 /* Build configuration list for PBXNativeTarget "EmployeeHubTests" */;
			buildPhases = (
				182BB0822EBB31B500CBF762 /* Sources */,
				182BB0832EBB31B500CBF762 /* Frameworks */,
				182BB0842EBB31B500CBF762 /* Resources */,
			);
			buildRules = (
			);
			dependencies = (
				182BB0882EBB31B500CBF762 /* PBXTargetDependency */,
			);
			fileSystemSynchronizedGroups = (
				182BB0892EBB31B500CBF762 /* EmployeeHubTests */,
			);
			name = EmployeeHubTests;
			packageProductDependencies = (
			);
			productName = EmployeeHubTests;
			productReference = 182BB0862EBB31B500CBF762 /* EmployeeHubTests.xctest */;
			productType = "com.apple.product-type.bundle.unit-test";
		};
		182BB08F2EBB31B500CBF762 /* EmployeeHubUITests */ = {
			isa = PBXNativeTarget;
			buildConfigurationList = 182BB0A02EBB31B500CBF762 /* Build configuration list for PBXNativeTarget "EmployeeHubUITests" */;
			buildPhases = (
				182BB08C2EBB31B500CBF762 /* Sources */,
				182BB08D2EBB31B500CBF762 /* Frameworks */,
				182BB08E2EBB31B500CBF762 /* Resources */,
			);
			buildRules = (
			);
			dependencies = (
				182BB0922EBB31B500CBF762 /* PBXTargetDependency */,
			);
			fileSystemSynchronizedGroups = (
				182BB0932EBB31B500CBF762 /* EmployeeHubUITests */,
			);
			name = EmployeeHubUITests;
			packageProductDependencies = (
			);
			productName = EmployeeHubUITests;
			productReference = 182BB0902EBB31B500CBF762 /* EmployeeHubUITests.xctest */;
			productType = "com.apple.product-type.bundle.ui-testing";
		};
/* End PBXNativeTarget section */

/* Begin PBXProject section */
		182BB06E2EBB31B300CBF762 /* Project object */ = {
			isa = PBXProject;
			attributes = {
				BuildIndependentTargetsInParallel = 1;
				LastSwiftUpdateCheck = 1620;
				LastUpgradeCheck = 1620;
				TargetAttributes = {
					182BB0752EBB31B400CBF762 = {
						CreatedOnToolsVersion = 16.2;
					};
					182BB0852EBB31B500CBF762 = {
						CreatedOnToolsVersion = 16.2;
						TestTargetID = 182BB0752EBB31B400CBF762;
					};
					182BB08F2EBB31B500CBF762 = {
						CreatedOnToolsVersion = 16.2;
						TestTargetID = 182BB0752EBB31B400CBF762;
					};
				};
			};
			buildConfigurationList = 182BB0712EBB31B300CBF762 /* Build configuration list for PBXProject "EmployeeHub" */;
			developmentRegion = en;
			hasScannedForEncodings = 0;
			knownRegions = (
				en,
				Base,
			);
			mainGroup = 182BB06D2EBB31B300CBF762;
			minimizedProjectReferenceProxies = 1;
			packageReferences = (
				189AD3EB2EBCACCC00B8F95A /* XCRemoteSwiftPackageReference "firebase-ios-sdk" */,
			);
			preferredProjectObjectVersion = 77;
			productRefGroup = 182BB0772EBB31B400CBF762 /* Products */;
			projectDirPath = "";
			projectRoot = "";
			targets = (
				182BB0752EBB31B400CBF762 /* EmployeeHub */,
				182BB0852EBB31B500CBF762 /* EmployeeHubTests */,
				182BB08F2EBB31B500CBF762 /* EmployeeHubUITests */,
			);
		};
/* End PBXProject section */

/* Begin PBXResourcesBuildPhase section */
		182BB0742EBB31B400CBF762 /* Resources */ = {
			isa = PBXResourcesBuildPhase;
			buildActionMask = 2147483647;
			files = (
			);
			runOnlyForDeploymentPostprocessing = 0;
		};
		182BB0842EBB31B500CBF762 /* Resources */ = {
			isa = PBXResourcesBuildPhase;
			buildActionMask = 2147483647;
			files = (
			);
			runOnlyForDeploymentPostprocessing = 0;
		};
		182BB08E2EBB31B500CBF762 /* Resources */ = {
			isa = PBXResourcesBuildPhase;
			buildActionMask = 2147483647;
			files = (
			);
			runOnlyForDeploymentPostprocessing = 0;
		};
/* End PBXResourcesBuildPhase section */

/* Begin PBXSourcesBuildPhase section */
		182BB0722EBB31B400CBF762 /* Sources */ = {
			isa = PBXSourcesBuildPhase;
			buildActionMask = 2147483647;
			files = (
			);
			runOnlyForDeploymentPostprocessing = 0;
		};
		182BB0822EBB31B500CBF762 /* Sources */ = {
			isa = PBXSourcesBuildPhase;
			buildActionMask = 2147483647;
			files = (
			);
			runOnlyForDeploymentPostprocessing = 0;
		};
		182BB08C2EBB31B500CBF762 /* Sources */ = {
			isa = PBXSourcesBuildPhase;
			buildActionMask = 2147483647;
			files = (
			);
			runOnlyForDeploymentPostprocessing = 0;
		};
/* End PBXSourcesBuildPhase section */

/* Begin PBXTargetDependency section */
		182BB0882EBB31B500CBF762 /* PBXTargetDependency */ = {
			isa = PBXTargetDependency;
			target = 182BB0752EBB31B400CBF762 /* EmployeeHub */;
			targetProxy = 182BB0872EBB31B500CBF762 /* PBXContainerItemProxy */;
		};
		182BB0922EBB31B500CBF762 /* PBXTargetDependency */ = {
			isa = PBXTargetDependency;
			target = 182BB0752EBB31B400CBF762 /* EmployeeHub */;
			targetProxy = 182BB0912EBB31B500CBF762 /* PBXContainerItemProxy */;
		};
/* End PBXTargetDependency section */

/* Begin XCBuildConfiguration section */
		182BB0982EBB31B500CBF762 /* Debug */ = {
			isa = XCBuildConfiguration;
			buildSettings = {
				ALWAYS_SEARCH_USER_PATHS = NO;
				ASSETCATALOG_COMPILER_GENERATE_SWIFT_ASSET_SYMBOL_EXTENSIONS = YES;
				CLANG_ANALYZER_NONNULL = YES;
				CLANG_ANALYZER_NUMBER_OBJECT_CONVERSION = YES_AGGRESSIVE;
				CLANG_CXX_LANGUAGE_STANDARD = "gnu++20";
				CLANG_ENABLE_MODULES = YES;
				CLANG_ENABLE_OBJC_ARC = YES;
				CLANG_ENABLE_OBJC_WEAK = YES;
				CLANG_WARN_BLOCK_CAPTURE_AUTORELEASING = YES;
				CLANG_WARN_BOOL_CONVERSION = YES;
				CLANG_WARN_COMMA = YES;
				CLANG_WARN_CONSTANT_CONVERSION = YES;
				CLANG_WARN_DEPRECATED_OBJC_IMPLEMENTATIONS = YES;
				CLANG_WARN_DIRECT_OBJC_ISA_USAGE = YES_ERROR;
				CLANG_WARN_DOCUMENTATION_COMMENTS = YES;
				CLANG_WARN_EMPTY_BODY = YES;
				CLANG_WARN_ENUM_CONVERSION = YES;
				CLANG_WARN_INFINITE_RECURSION = YES;
				CLANG_WARN_INT_CONVERSION = YES;
				CLANG_WARN_NON_LITERAL_NULL_CONVERSION = YES;
				CLANG_WARN_OBJC_IMPLICIT_RETAIN_SELF = YES;
				CLANG_WARN_OBJC_LITERAL_CONVERSION = YES;
				CLANG_WARN_OBJC_ROOT_CLASS = YES_ERROR;
				CLANG_WARN_QUOTED_INCLUDE_IN_FRAMEWORK_HEADER = YES;
				CLANG_WARN_RANGE_LOOP_ANALYSIS = YES;
				CLANG_WARN_STRICT_PROTOTYPES = YES;
				CLANG_WARN_SUSPICIOUS_MOVE = YES;
				CLANG_WARN_UNGUARDED_AVAILABILITY = YES_AGGRESSIVE;
				CLANG_WARN_UNREACHABLE_CODE = YES;
				CLANG_WARN__DUPLICATE_METHOD_MATCH = YES;
				COPY_PHASE_STRIP = NO;
				DEBUG_INFORMATION_FORMAT = dwarf;
				ENABLE_STRICT_OBJC_MSGSEND = YES;
				ENABLE_TESTABILITY = YES;
				ENABLE_USER_SCRIPT_SANDBOXING = YES;
				GCC_C_LANGUAGE_STANDARD = gnu17;
				GCC_DYNAMIC_NO_PIC = NO;
				GCC_NO_COMMON_BLOCKS = YES;
				GCC_OPTIMIZATION_LEVEL = 0;
				GCC_PREPROCESSOR_DEFINITIONS = (
					"DEBUG=1",
					"$(inherited)",
				);
				GCC_WARN_64_TO_32_BIT_CONVERSION = YES;
				GCC_WARN_ABOUT_RETURN_TYPE = YES_ERROR;
				GCC_WARN_UNDECLARED_SELECTOR = YES;
				GCC_WARN_UNINITIALIZED_AUTOS = YES_AGGRESSIVE;
				GCC_WARN_UNUSED_FUNCTION = YES;
				GCC_WARN_UNUSED_VARIABLE = YES;
				IPHONEOS_DEPLOYMENT_TARGET = 18.2;
				LOCALIZATION_PREFERS_STRING_CATALOGS = YES;
				MTL_ENABLE_DEBUG_INFO = INCLUDE_SOURCE;
				MTL_FAST_MATH = YES;
				ONLY_ACTIVE_ARCH = YES;
				SDKROOT = iphoneos;
				SWIFT_ACTIVE_COMPILATION_CONDITIONS = "DEBUG $(inherited)";
				SWIFT_OPTIMIZATION_LEVEL = "-Onone";
			};
			name = Debug;
		};
		182BB0992EBB31B500CBF762 /* Release */ = {
			isa = XCBuildConfiguration;
			buildSettings = {
				ALWAYS_SEARCH_USER_PATHS = NO;
				ASSETCATALOG_COMPILER_GENERATE_SWIFT_ASSET_SYMBOL_EXTENSIONS = YES;
				CLANG_ANALYZER_NONNULL = YES;
				CLANG_ANALYZER_NUMBER_OBJECT_CONVERSION = YES_AGGRESSIVE;
				CLANG_CXX_LANGUAGE_STANDARD = "gnu++20";
				CLANG_ENABLE_MODULES = YES;
				CLANG_ENABLE_OBJC_ARC = YES;
				CLANG_ENABLE_OBJC_WEAK = YES;
				CLANG_WARN_BLOCK_CAPTURE_AUTORELEASING = YES;
				CLANG_WARN_BOOL_CONVERSION = YES;
				CLANG_WARN_COMMA = YES;
				CLANG_WARN_CONSTANT_CONVERSION = YES;
				CLANG_WARN_DEPRECATED_OBJC_IMPLEMENTATIONS = YES;
				CLANG_WARN_DIRECT_OBJC_ISA_USAGE = YES_ERROR;
				CLANG_WARN_DOCUMENTATION_COMMENTS = YES;
				CLANG_WARN_EMPTY_BODY = YES;
				CLANG_WARN_ENUM_CONVERSION = YES;
				CLANG_WARN_INFINITE_RECURSION = YES;
				CLANG_WARN_INT_CONVERSION = YES;
				CLANG_WARN_NON_LITERAL_NULL_CONVERSION = YES;
				CLANG_WARN_OBJC_IMPLICIT_RETAIN_SELF = YES;
				CLANG_WARN_OBJC_LITERAL_CONVERSION = YES;
				CLANG_WARN_OBJC_ROOT_CLASS = YES_ERROR;
				CLANG_WARN_QUOTED_INCLUDE_IN_FRAMEWORK_HEADER = YES;
				CLANG_WARN_RANGE_LOOP_ANALYSIS = YES;
				CLANG_WARN_STRICT_PROTOTYPES = YES;
				CLANG_WARN_SUSPICIOUS_MOVE = YES;
				CLANG_WARN_UNGUARDED_AVAILABILITY = YES_AGGRESSIVE;
				CLANG_WARN_UNREACHABLE_CODE = YES;
				CLANG_WARN__DUPLICATE_METHOD_MATCH = YES;
				COPY_PHASE_STRIP = NO;
				DEBUG_INFORMATION_FORMAT = "dwarf-with-dsym";
				ENABLE_NS_ASSERTIONS = NO;
				ENABLE_STRICT_OBJC_MSGSEND = YES;
				ENABLE_USER_SCRIPT_SANDBOXING = YES;
				GCC_C_LANGUAGE_STANDARD = gnu17;
				GCC_NO_COMMON_BLOCKS = YES;
				GCC_WARN_64_TO_32_BIT_CONVERSION = YES;
				GCC_WARN_ABOUT_RETURN_TYPE = YES_ERROR;
				GCC_WARN_UNDECLARED_SELECTOR = YES;
				GCC_WARN_UNINITIALIZED_AUTOS = YES_AGGRESSIVE;
				GCC_WARN_UNUSED_FUNCTION = YES;
				GCC_WARN_UNUSED_VARIABLE = YES;
				IPHONEOS_DEPLOYMENT_TARGET = 18.2;
				LOCALIZATION_PREFERS_STRING_CATALOGS = YES;
				MTL_ENABLE_DEBUG_INFO = NO;
				MTL_FAST_MATH = YES;
				SDKROOT = iphoneos;
				SWIFT_COMPILATION_MODE = wholemodule;
				VALIDATE_PRODUCT = YES;
			};
			name = Release;
		};
		182BB09B2EBB31B500CBF762 /* Debug */ = {
			isa = XCBuildConfiguration;
			buildSettings = {
				ASSETCATALOG_COMPILER_APPICON_NAME = AppIcon;
				ASSETCATALOG_COMPILER_GLOBAL_ACCENT_COLOR_NAME = AccentColor;
				CODE_SIGN_STYLE = Automatic;
				CURRENT_PROJECT_VERSION = 1;
				DEVELOPMENT_ASSET_PATHS = "\"EmployeeHub/Preview Content\"";
				DEVELOPMENT_TEAM = 6DUD89DBC7;
				ENABLE_PREVIEWS = YES;
				GENERATE_INFOPLIST_FILE = YES;
				INFOPLIST_KEY_NSCameraUsageDescription = "$(PRODUCT_NAME) needs access to the camera to add pictures";
				INFOPLIST_KEY_UIApplicationSceneManifest_Generation = YES;
				INFOPLIST_KEY_UIApplicationSupportsIndirectInputEvents = YES;
				INFOPLIST_KEY_UILaunchScreen_Generation = YES;
				INFOPLIST_KEY_UISupportedInterfaceOrientations_iPad = "UIInterfaceOrientationPortrait UIInterfaceOrientationPortraitUpsideDown UIInterfaceOrientationLandscapeLeft UIInterfaceOrientationLandscapeRight";
				INFOPLIST_KEY_UISupportedInterfaceOrientations_iPhone = "UIInterfaceOrientationPortrait UIInterfaceOrientationLandscapeLeft UIInterfaceOrientationLandscapeRight";
				LD_RUNPATH_SEARCH_PATHS = (
					"$(inherited)",
					"@executable_path/Frameworks",
				);
				MARKETING_VERSION = 1.0;
				PRODUCT_BUNDLE_IDENTIFIER = com.employeeHub.EmployeeHub;
				PRODUCT_NAME = "$(TARGET_NAME)";
				SWIFT_EMIT_LOC_STRINGS = YES;
				SWIFT_VERSION = 5.0;
				TARGETED_DEVICE_FAMILY = "1,2";
			};
			name = Debug;
		};
		182BB09C2EBB31B500CBF762 /* Release */ = {
			isa = XCBuildConfiguration;
			buildSettings = {
				ASSETCATALOG_COMPILER_APPICON_NAME = AppIcon;
				ASSETCATALOG_COMPILER_GLOBAL_ACCENT_COLOR_NAME = AccentColor;
				CODE_SIGN_STYLE = Automatic;
				CURRENT_PROJECT_VERSION = 1;
				DEVELOPMENT_ASSET_PATHS = "\"EmployeeHub/Preview Content\"";
				DEVELOPMENT_TEAM = 6DUD89DBC7;
				ENABLE_PREVIEWS = YES;
				GENERATE_INFOPLIST_FILE = YES;
				INFOPLIST_KEY_NSCameraUsageDescription = "$(PRODUCT_NAME) needs access to the camera to add pictures";
				INFOPLIST_KEY_UIApplicationSceneManifest_Generation = YES;
				INFOPLIST_KEY_UIApplicationSupportsIndirectInputEvents = YES;
				INFOPLIST_KEY_UILaunchScreen_Generation = YES;
				INFOPLIST_KEY_UISupportedInterfaceOrientations_iPad = "UIInterfaceOrientationPortrait UIInterfaceOrientationPortraitUpsideDown UIInterfaceOrientationLandscapeLeft UIInterfaceOrientationLandscapeRight";
				INFOPLIST_KEY_UISupportedInterfaceOrientations_iPhone = "UIInterfaceOrientationPortrait UIInterfaceOrientationLandscapeLeft UIInterfaceOrientationLandscapeRight";
				LD_RUNPATH_SEARCH_PATHS = (
					"$(inherited)",
					"@executable_path/Frameworks",
				);
				MARKETING_VERSION = 1.0;
				PRODUCT_BUNDLE_IDENTIFIER = com.employeeHub.EmployeeHub;
				PRODUCT_NAME = "$(TARGET_NAME)";
				SWIFT_EMIT_LOC_STRINGS = YES;
				SWIFT_VERSION = 5.0;
				TARGETED_DEVICE_FAMILY = "1,2";
			};
			name = Release;
		};
		182BB09E2EBB31B500CBF762 /* Debug */ = {
			isa = XCBuildConfiguration;
			buildSettings = {
				BUNDLE_LOADER = "$(TEST_HOST)";
				CODE_SIGN_STYLE = Automatic;
				CURRENT_PROJECT_VERSION = 1;
				DEVELOPMENT_TEAM = WJAJA42L99;
				GENERATE_INFOPLIST_FILE = YES;
				IPHONEOS_DEPLOYMENT_TARGET = 18.2;
				MARKETING_VERSION = 1.0;
				PRODUCT_BUNDLE_IDENTIFIER = com.employeeHub.EmployeeHubTests;
				PRODUCT_NAME = "$(TARGET_NAME)";
				SWIFT_EMIT_LOC_STRINGS = NO;
				SWIFT_VERSION = 5.0;
				TARGETED_DEVICE_FAMILY = "1,2";
				TEST_HOST = "$(BUILT_PRODUCTS_DIR)/EmployeeHub.app/$(BUNDLE_EXECUTABLE_FOLDER_PATH)/EmployeeHub";
			};
			name = Debug;
		};
		182BB09F2EBB31B500CBF762 /* Release */ = {
			isa = XCBuildConfiguration;
			buildSettings = {
				BUNDLE_LOADER = "$(TEST_HOST)";
				CODE_SIGN_STYLE = Automatic;
				CURRENT_PROJECT_VERSION = 1;
				DEVELOPMENT_TEAM = WJAJA42L99;
				GENERATE_INFOPLIST_FILE = YES;
				IPHONEOS_DEPLOYMENT_TARGET = 18.2;
				MARKETING_VERSION = 1.0;
				PRODUCT_BUNDLE_IDENTIFIER = com.employeeHub.EmployeeHubTests;
				PRODUCT_NAME = "$(TARGET_NAME)";
				SWIFT_EMIT_LOC_STRINGS = NO;
				SWIFT_VERSION = 5.0;
				TARGETED_DEVICE_FAMILY = "1,2";
				TEST_HOST = "$(BUILT_PRODUCTS_DIR)/EmployeeHub.app/$(BUNDLE_EXECUTABLE_FOLDER_PATH)/EmployeeHub";
			};
			name = Release;
		};
		182BB0A12EBB31B500CBF762 /* Debug */ = {
			isa = XCBuildConfiguration;
			buildSettings = {
				CODE_SIGN_STYLE = Automatic;
				CURRENT_PROJECT_VERSION = 1;
				DEVELOPMENT_TEAM = WJAJA42L99;
				GENERATE_INFOPLIST_FILE = YES;
				MARKETING_VERSION = 1.0;
				PRODUCT_BUNDLE_IDENTIFIER = com.employeeHub.EmployeeHubUITests;
				PRODUCT_NAME = "$(TARGET_NAME)";
				SWIFT_EMIT_LOC_STRINGS = NO;
				SWIFT_VERSION = 5.0;
				TARGETED_DEVICE_FAMILY = "1,2";
				TEST_TARGET_NAME = EmployeeHub;
			};
			name = Debug;
		};
		182BB0A22EBB31B500CBF762 /* Release */ = {
			isa = XCBuildConfiguration;
			buildSettings = {
				CODE_SIGN_STYLE = Automatic;
				CURRENT_PROJECT_VERSION = 1;
				DEVELOPMENT_TEAM = WJAJA42L99;
				GENERATE_INFOPLIST_FILE = YES;
				MARKETING_VERSION = 1.0;
				PRODUCT_BUNDLE_IDENTIFIER = com.employeeHub.EmployeeHubUITests;
				PRODUCT_NAME = "$(TARGET_NAME)";
				SWIFT_EMIT_LOC_STRINGS = NO;
				SWIFT_VERSION = 5.0;
				TARGETED_DEVICE_FAMILY = "1,2";
				TEST_TARGET_NAME = EmployeeHub;
			};
			name = Release;
		};
/* End XCBuildConfiguration section */

/* Begin XCConfigurationList section */
		182BB0712EBB31B300CBF762 /* Build configuration list for PBXProject "EmployeeHub" */ = {
			isa = XCConfigurationList;
			buildConfigurations = (
				182BB0982EBB31B500CBF762 /* Debug */,
				182BB0992EBB31B500CBF762 /* Release */,
			);
			defaultConfigurationIsVisible = 0;
			defaultConfigurationName = Release;
		};
		182BB09A2EBB31B500CBF762 /* Build configuration list for PBXNativeTarget "EmployeeHub" */ = {
			isa = XCConfigurationList;
			buildConfigurations = (
				182BB09B2EBB31B500CBF762 /* Debug */,
				182BB09C2EBB31B500CBF762 /* Release */,
			);
			defaultConfigurationIsVisible = 0;
			defaultConfigurationName = Release;
		};
		182BB09D2EBB31B500CBF762 /* Build configuration list for PBXNativeTarget "EmployeeHubTests" */ = {
			isa = XCConfigurationList;
			buildConfigurations = (
				182BB09E2EBB31B500CBF762 /* Debug */,
				182BB09F2EBB31B500CBF762 /* Release */,
			);
			defaultConfigurationIsVisible = 0;
			defaultConfigurationName = Release;
		};
		182BB0A02EBB31B500CBF762 /* Build configuration list for PBXNativeTarget "EmployeeHubUITests" */ = {
			isa = XCConfigurationList;
			buildConfigurations = (
				182BB0A12EBB31B500CBF762 /* Debug */,
				182BB0A22EBB31B500CBF762 /* Release */,
			);
			defaultConfigurationIsVisible = 0;
			defaultConfigurationName = Release;
		};
/* End XCConfigurationList section */

/* Begin XCRemoteSwiftPackageReference section */
		189AD3EB2EBCACCC00B8F95A /* XCRemoteSwiftPackageReference "firebase-ios-sdk" */ = {
			isa = XCRemoteSwiftPackageReference;
			repositoryURL = "https://github.com/firebase/firebase-ios-sdk";
			requirement = {
				kind = upToNextMajorVersion;
				minimumVersion = 12.5.0;
			};
		};
/* End XCRemoteSwiftPackageReference section */

/* Begin XCSwiftPackageProductDependency section */
		1825E9742ED5A4FB002E23DE /* FirebaseAuth */ = {
			isa = XCSwiftPackageProductDependency;
			package = 189AD3EB2EBCACCC00B8F95A /* XCRemoteSwiftPackageReference "firebase-ios-sdk" */;
			productName = FirebaseAuth;
		};
		189AD3EC2EBCACCC00B8F95A /* FirebaseAnalytics */ = {
			isa = XCSwiftPackageProductDependency;
			package = 189AD3EB2EBCACCC00B8F95A /* XCRemoteSwiftPackageReference "firebase-ios-sdk" */;
			productName = FirebaseAnalytics;
		};
		18C835782EBDB574007505D8 /* FirebaseDatabase */ = {
			isa = XCSwiftPackageProductDependency;
			package = 189AD3EB2EBCACCC00B8F95A /* XCRemoteSwiftPackageReference "firebase-ios-sdk" */;
			productName = FirebaseDatabase;
		};
		18C8357A2EBDB599007505D8 /* FirebaseFirestore */ = {
			isa = XCSwiftPackageProductDependency;
			package = 189AD3EB2EBCACCC00B8F95A /* XCRemoteSwiftPackageReference "firebase-ios-sdk" */;
			productName = FirebaseFirestore;
		};
		18C8357C2EBDB5A1007505D8 /* FirebaseStorage */ = {
			isa = XCSwiftPackageProductDependency;
			package = 189AD3EB2EBCACCC00B8F95A /* XCRemoteSwiftPackageReference "firebase-ios-sdk" */;
			productName = FirebaseStorage;
		};
/* End XCSwiftPackageProductDependency section */
	};
	rootObject = 182BB06E2EBB31B300CBF762 /* Project object */;
}
