// !$*UTF8*$!
{
	archiveVersion = 1;
	classes = {
	};
	objectVersion = 77;
	objects = {

/* Begin PBXContainerItemProxy section */
		1880558F2EA8E0C800D99DE3 /* PBXContainerItemProxy */ = {
			isa = PBXContainerItemProxy;
			containerPortal = 188055762EA8E0C600D99DE3 /* Project object */;
			proxyType = 1;
			remoteGlobalIDString = 1880557D2EA8E0C700D99DE3;
			remoteInfo = RPSgame;
		};
		188055992EA8E0C800D99DE3 /* PBXContainerItemProxy */ = {
			isa = PBXContainerItemProxy;
			containerPortal = 188055762EA8E0C600D99DE3 /* Project object */;
			proxyType = 1;
			remoteGlobalIDString = 1880557D2EA8E0C700D99DE3;
			remoteInfo = RPSgame;
		};
/* End PBXContainerItemProxy section */

/* Begin PBXFileReference section */
		1880557E2EA8E0C700D99DE3 /* RPSgame.app */ = {isa = PBXFileReference; explicitFileType = wrapper.application; includeInIndex = 0; path = RPSgame.app; sourceTree = BUILT_PRODUCTS_DIR; };
		1880558E2EA8E0C800D99DE3 /* RPSgameTests.xctest */ = {isa = PBXFileReference; explicitFileType = wrapper.cfbundle; includeInIndex = 0; path = RPSgameTests.xctest; sourceTree = BUILT_PRODUCTS_DIR; };
		188055982EA8E0C800D99DE3 /* RPSgameUITests.xctest */ = {isa = PBXFileReference; explicitFileType = wrapper.cfbundle; includeInIndex = 0; path = RPSgameUITests.xctest; sourceTree = BUILT_PRODUCTS_DIR; };
/* End PBXFileReference section */

/* Begin PBXFileSystemSynchronizedRootGroup section */
		188055802EA8E0C700D99DE3 /* RPSgame */ = {
			isa = PBXFileSystemSynchronizedRootGroup;
			path = RPSgame;
			sourceTree = "<group>";
		};
		188055912EA8E0C800D99DE3 /* RPSgameTests */ = {
			isa = PBXFileSystemSynchronizedRootGroup;
			path = RPSgameTests;
			sourceTree = "<group>";
		};
		1880559B2EA8E0C800D99DE3 /* RPSgameUITests */ = {
			isa = PBXFileSystemSynchronizedRootGroup;
			path = RPSgameUITests;
			sourceTree = "<group>";
		};
/* End PBXFileSystemSynchronizedRootGroup section */

/* Begin PBXFrameworksBuildPhase section */
		1880557B2EA8E0C700D99DE3 /* Frameworks */ = {
			isa = PBXFrameworksBuildPhase;
			buildActionMask = 2147483647;
			files = (
			);
			runOnlyForDeploymentPostprocessing = 0;
		};
		1880558B2EA8E0C800D99DE3 /* Frameworks */ = {
			isa = PBXFrameworksBuildPhase;
			buildActionMask = 2147483647;
			files = (
			);
			runOnlyForDeploymentPostprocessing = 0;
		};
		188055952EA8E0C800D99DE3 /* Frameworks */ = {
			isa = PBXFrameworksBuildPhase;
			buildActionMask = 2147483647;
			files = (
			);
			runOnlyForDeploymentPostprocessing = 0;
		};
/* End PBXFrameworksBuildPhase section */

/* Begin PBXGroup section */
		188055752EA8E0C600D99DE3 = {
			isa = PBXGroup;
			children = (
				188055802EA8E0C700D99DE3 /* RPSgame */,
				188055912EA8E0C800D99DE3 /* RPSgameTests */,
				1880559B2EA8E0C800D99DE3 /* RPSgameUITests */,
				1880557F2EA8E0C700D99DE3 /* Products */,
			);
			sourceTree = "<group>";
		};
		1880557F2EA8E0C700D99DE3 /* Products */ = {
			isa = PBXGroup;
			children = (
				1880557E2EA8E0C700D99DE3 /* RPSgame.app */,
				1880558E2EA8E0C800D99DE3 /* RPSgameTests.xctest */,
				188055982EA8E0C800D99DE3 /* RPSgameUITests.xctest */,
			);
			name = Products;
			sourceTree = "<group>";
		};
/* End PBXGroup section */

/* Begin PBXNativeTarget section */
		1880557D2EA8E0C700D99DE3 /* RPSgame */ = {
			isa = PBXNativeTarget;
			buildConfigurationList = 188055A22EA8E0C800D99DE3 /* Build configuration list for PBXNativeTarget "RPSgame" */;
			buildPhases = (
				1880557A2EA8E0C700D99DE3 /* Sources */,
				1880557B2EA8E0C700D99DE3 /* Frameworks */,
				1880557C2EA8E0C700D99DE3 /* Resources */,
			);
			buildRules = (
			);
			dependencies = (
			);
			fileSystemSynchronizedGroups = (
				188055802EA8E0C700D99DE3 /* RPSgame */,
			);
			name = RPSgame;
			packageProductDependencies = (
			);
			productName = RPSgame;
			productReference = 1880557E2EA8E0C700D99DE3 /* RPSgame.app */;
			productType = "com.apple.product-type.application";
		};
		1880558D2EA8E0C800D99DE3 /* RPSgameTests */ = {
			isa = PBXNativeTarget;
			buildConfigurationList = 188055A52EA8E0C800D99DE3 /* Build configuration list for PBXNativeTarget "RPSgameTests" */;
			buildPhases = (
				1880558A2EA8E0C800D99DE3 /* Sources */,
				1880558B2EA8E0C800D99DE3 /* Frameworks */,
				1880558C2EA8E0C800D99DE3 /* Resources */,
			);
			buildRules = (
			);
			dependencies = (
				188055902EA8E0C800D99DE3 /* PBXTargetDependency */,
			);
			fileSystemSynchronizedGroups = (
				188055912EA8E0C800D99DE3 /* RPSgameTests */,
			);
			name = RPSgameTests;
			packageProductDependencies = (
			);
			productName = RPSgameTests;
			productReference = 1880558E2EA8E0C800D99DE3 /* RPSgameTests.xctest */;
			productType = "com.apple.product-type.bundle.unit-test";
		};
		188055972EA8E0C800D99DE3 /* RPSgameUITests */ = {
			isa = PBXNativeTarget;
			buildConfigurationList = 188055A82EA8E0C800D99DE3 /* Build configuration list for PBXNativeTarget "RPSgameUITests" */;
			buildPhases = (
				188055942EA8E0C800D99DE3 /* Sources */,
				188055952EA8E0C800D99DE3 /* Frameworks */,
				188055962EA8E0C800D99DE3 /* Resources */,
			);
			buildRules = (
			);
			dependencies = (
				1880559A2EA8E0C800D99DE3 /* PBXTargetDependency */,
			);
			fileSystemSynchronizedGroups = (
				1880559B2EA8E0C800D99DE3 /* RPSgameUITests */,
			);
			name = RPSgameUITests;
			packageProductDependencies = (
			);
			productName = RPSgameUITests;
			productReference = 188055982EA8E0C800D99DE3 /* RPSgameUITests.xctest */;
			productType = "com.apple.product-type.bundle.ui-testing";
		};
/* End PBXNativeTarget section */

/* Begin PBXProject section */
		188055762EA8E0C600D99DE3 /* Project object */ = {
			isa = PBXProject;
			attributes = {
				BuildIndependentTargetsInParallel = 1;
				LastSwiftUpdateCheck = 1620;
				LastUpgradeCheck = 1620;
				TargetAttributes = {
					1880557D2EA8E0C700D99DE3 = {
						CreatedOnToolsVersion = 16.2;
					};
					1880558D2EA8E0C800D99DE3 = {
						CreatedOnToolsVersion = 16.2;
						TestTargetID = 1880557D2EA8E0C700D99DE3;
					};
					188055972EA8E0C800D99DE3 = {
						CreatedOnToolsVersion = 16.2;
						TestTargetID = 1880557D2EA8E0C700D99DE3;
					};
				};
			};
			buildConfigurationList = 188055792EA8E0C700D99DE3 /* Build configuration list for PBXProject "RPSgame" */;
			developmentRegion = en;
			hasScannedForEncodings = 0;
			knownRegions = (
				en,
				Base,
			);
			mainGroup = 188055752EA8E0C600D99DE3;
			minimizedProjectReferenceProxies = 1;
			preferredProjectObjectVersion = 77;
			productRefGroup = 1880557F2EA8E0C700D99DE3 /* Products */;
			projectDirPath = "";
			projectRoot = "";
			targets = (
				1880557D2EA8E0C700D99DE3 /* RPSgame */,
				1880558D2EA8E0C800D99DE3 /* RPSgameTests */,
				188055972EA8E0C800D99DE3 /* RPSgameUITests */,
			);
		};
/* End PBXProject section */

/* Begin PBXResourcesBuildPhase section */
		1880557C2EA8E0C700D99DE3 /* Resources */ = {
			isa = PBXResourcesBuildPhase;
			buildActionMask = 2147483647;
			files = (
			);
			runOnlyForDeploymentPostprocessing = 0;
		};
		1880558C2EA8E0C800D99DE3 /* Resources */ = {
			isa = PBXResourcesBuildPhase;
			buildActionMask = 2147483647;
			files = (
			);
			runOnlyForDeploymentPostprocessing = 0;
		};
		188055962EA8E0C800D99DE3 /* Resources */ = {
			isa = PBXResourcesBuildPhase;
			buildActionMask = 2147483647;
			files = (
			);
			runOnlyForDeploymentPostprocessing = 0;
		};
/* End PBXResourcesBuildPhase section */

/* Begin PBXSourcesBuildPhase section */
		1880557A2EA8E0C700D99DE3 /* Sources */ = {
			isa = PBXSourcesBuildPhase;
			buildActionMask = 2147483647;
			files = (
			);
			runOnlyForDeploymentPostprocessing = 0;
		};
		1880558A2EA8E0C800D99DE3 /* Sources */ = {
			isa = PBXSourcesBuildPhase;
			buildActionMask = 2147483647;
			files = (
			);
			runOnlyForDeploymentPostprocessing = 0;
		};
		188055942EA8E0C800D99DE3 /* Sources */ = {
			isa = PBXSourcesBuildPhase;
			buildActionMask = 2147483647;
			files = (
			);
			runOnlyForDeploymentPostprocessing = 0;
		};
/* End PBXSourcesBuildPhase section */

/* Begin PBXTargetDependency section */
		188055902EA8E0C800D99DE3 /* PBXTargetDependency */ = {
			isa = PBXTargetDependency;
			target = 1880557D2EA8E0C700D99DE3 /* RPSgame */;
			targetProxy = 1880558F2EA8E0C800D99DE3 /* PBXContainerItemProxy */;
		};
		1880559A2EA8E0C800D99DE3 /* PBXTargetDependency */ = {
			isa = PBXTargetDependency;
			target = 1880557D2EA8E0C700D99DE3 /* RPSgame */;
			targetProxy = 188055992EA8E0C800D99DE3 /* PBXContainerItemProxy */;
		};
/* End PBXTargetDependency section */

/* Begin XCBuildConfiguration section */
		188055A02EA8E0C800D99DE3 /* Debug */ = {
			isa = XCBuildConfiguration;
			buildSettings = {
				ALWAYS_SEARCH_USER_PATHS = NO;
				ASSETCATALOG_COMPILER_GENERATE_SWIFT_ASSET_SYMBOL_EXTENSIONS = YES;
				CLANG_ANALYZER_NONNULL = YES;
				CLANG_ANALYZER_NUMBER_OBJECT_CONVERSION = YES_AGGRESSIVE;
				CLANG_CXX_LANGUAGE_STANDARD = "gnu++20";
				CLANG_ENABLE_MODULES = YES;
				CLANG_ENABLE_OBJC_ARC = YES;
				CLANG_ENABLE_OBJC_WEAK = YES;
				CLANG_WARN_BLOCK_CAPTURE_AUTORELEASING = YES;
				CLANG_WARN_BOOL_CONVERSION = YES;
				CLANG_WARN_COMMA = YES;
				CLANG_WARN_CONSTANT_CONVERSION = YES;
				CLANG_WARN_DEPRECATED_OBJC_IMPLEMENTATIONS = YES;
				CLANG_WARN_DIRECT_OBJC_ISA_USAGE = YES_ERROR;
				CLANG_WARN_DOCUMENTATION_COMMENTS = YES;
				CLANG_WARN_EMPTY_BODY = YES;
				CLANG_WARN_ENUM_CONVERSION = YES;
				CLANG_WARN_INFINITE_RECURSION = YES;
				CLANG_WARN_INT_CONVERSION = YES;
				CLANG_WARN_NON_LITERAL_NULL_CONVERSION = YES;
				CLANG_WARN_OBJC_IMPLICIT_RETAIN_SELF = YES;
				CLANG_WARN_OBJC_LITERAL_CONVERSION = YES;
				CLANG_WARN_OBJC_ROOT_CLASS = YES_ERROR;
				CLANG_WARN_QUOTED_INCLUDE_IN_FRAMEWORK_HEADER = YES;
				CLANG_WARN_RANGE_LOOP_ANALYSIS = YES;
				CLANG_WARN_STRICT_PROTOTYPES = YES;
				CLANG_WARN_SUSPICIOUS_MOVE = YES;
				CLANG_WARN_UNGUARDED_AVAILABILITY = YES_AGGRESSIVE;
				CLANG_WARN_UNREACHABLE_CODE = YES;
				CLANG_WARN__DUPLICATE_METHOD_MATCH = YES;
				COPY_PHASE_STRIP = NO;
				DEBUG_INFORMATION_FORMAT = dwarf;
				ENABLE_STRICT_OBJC_MSGSEND = YES;
				ENABLE_TESTABILITY = YES;
				ENABLE_USER_SCRIPT_SANDBOXING = YES;
				GCC_C_LANGUAGE_STANDARD = gnu17;
				GCC_DYNAMIC_NO_PIC = NO;
				GCC_NO_COMMON_BLOCKS = YES;
				GCC_OPTIMIZATION_LEVEL = 0;
				GCC_PREPROCESSOR_DEFINITIONS = (
					"DEBUG=1",
					"$(inherited)",
				);
				GCC_WARN_64_TO_32_BIT_CONVERSION = YES;
				GCC_WARN_ABOUT_RETURN_TYPE = YES_ERROR;
				GCC_WARN_UNDECLARED_SELECTOR = YES;
				GCC_WARN_UNINITIALIZED_AUTOS = YES_AGGRESSIVE;
				GCC_WARN_UNUSED_FUNCTION = YES;
				GCC_WARN_UNUSED_VARIABLE = YES;
				IPHONEOS_DEPLOYMENT_TARGET = 18.2;
				LOCALIZATION_PREFERS_STRING_CATALOGS = YES;
				MTL_ENABLE_DEBUG_INFO = INCLUDE_SOURCE;
				MTL_FAST_MATH = YES;
				ONLY_ACTIVE_ARCH = YES;
				SDKROOT = iphoneos;
				SWIFT_ACTIVE_COMPILATION_CONDITIONS = "DEBUG $(inherited)";
				SWIFT_OPTIMIZATION_LEVEL = "-Onone";
			};
			name = Debug;
		};
		188055A12EA8E0C800D99DE3 /* Release */ = {
			isa = XCBuildConfiguration;
			buildSettings = {
				ALWAYS_SEARCH_USER_PATHS = NO;
				ASSETCATALOG_COMPILER_GENERATE_SWIFT_ASSET_SYMBOL_EXTENSIONS = YES;
				CLANG_ANALYZER_NONNULL = YES;
				CLANG_ANALYZER_NUMBER_OBJECT_CONVERSION = YES_AGGRESSIVE;
				CLANG_CXX_LANGUAGE_STANDARD = "gnu++20";
				CLANG_ENABLE_MODULES = YES;
				CLANG_ENABLE_OBJC_ARC = YES;
				CLANG_ENABLE_OBJC_WEAK = YES;
				CLANG_WARN_BLOCK_CAPTURE_AUTORELEASING = YES;
				CLANG_WARN_BOOL_CONVERSION = YES;
				CLANG_WARN_COMMA = YES;
				CLANG_WARN_CONSTANT_CONVERSION = YES;
				CLANG_WARN_DEPRECATED_OBJC_IMPLEMENTATIONS = YES;
				CLANG_WARN_DIRECT_OBJC_ISA_USAGE = YES_ERROR;
				CLANG_WARN_DOCUMENTATION_COMMENTS = YES;
				CLANG_WARN_EMPTY_BODY = YES;
				CLANG_WARN_ENUM_CONVERSION = YES;
				CLANG_WARN_INFINITE_RECURSION = YES;
				CLANG_WARN_INT_CONVERSION = YES;
				CLANG_WARN_NON_LITERAL_NULL_CONVERSION = YES;
				CLANG_WARN_OBJC_IMPLICIT_RETAIN_SELF = YES;
				CLANG_WARN_OBJC_LITERAL_CONVERSION = YES;
				CLANG_WARN_OBJC_ROOT_CLASS = YES_ERROR;
				CLANG_WARN_QUOTED_INCLUDE_IN_FRAMEWORK_HEADER = YES;
				CLANG_WARN_RANGE_LOOP_ANALYSIS = YES;
				CLANG_WARN_STRICT_PROTOTYPES = YES;
				CLANG_WARN_SUSPICIOUS_MOVE = YES;
				CLANG_WARN_UNGUARDED_AVAILABILITY = YES_AGGRESSIVE;
				CLANG_WARN_UNREACHABLE_CODE = YES;
				CLANG_WARN__DUPLICATE_METHOD_MATCH = YES;
				COPY_PHASE_STRIP = NO;
				DEBUG_INFORMATION_FORMAT = "dwarf-with-dsym";
				ENABLE_NS_ASSERTIONS = NO;
				ENABLE_STRICT_OBJC_MSGSEND = YES;
				ENABLE_USER_SCRIPT_SANDBOXING = YES;
				GCC_C_LANGUAGE_STANDARD = gnu17;
				GCC_NO_COMMON_BLOCKS = YES;
				GCC_WARN_64_TO_32_BIT_CONVERSION = YES;
				GCC_WARN_ABOUT_RETURN_TYPE = YES_ERROR;
				GCC_WARN_UNDECLARED_SELECTOR = YES;
				GCC_WARN_UNINITIALIZED_AUTOS = YES_AGGRESSIVE;
				GCC_WARN_UNUSED_FUNCTION = YES;
				GCC_WARN_UNUSED_VARIABLE = YES;
				IPHONEOS_DEPLOYMENT_TARGET = 18.2;
				LOCALIZATION_PREFERS_STRING_CATALOGS = YES;
				MTL_ENABLE_DEBUG_INFO = NO;
				MTL_FAST_MATH = YES;
				SDKROOT = iphoneos;
				SWIFT_COMPILATION_MODE = wholemodule;
				VALIDATE_PRODUCT = YES;
			};
			name = Release;
		};
		188055A32EA8E0C800D99DE3 /* Debug */ = {
			isa = XCBuildConfiguration;
			buildSettings = {
				ASSETCATALOG_COMPILER_APPICON_NAME = AppIcon;
				ASSETCATALOG_COMPILER_GLOBAL_ACCENT_COLOR_NAME = AccentColor;
				CODE_SIGN_STYLE = Automatic;
				CURRENT_PROJECT_VERSION = 1;
				DEVELOPMENT_ASSET_PATHS = "\"RPSgame/Preview Content\"";
				DEVELOPMENT_TEAM = WJAJA42L99;
				ENABLE_PREVIEWS = YES;
				GENERATE_INFOPLIST_FILE = YES;
				INFOPLIST_KEY_UIApplicationSceneManifest_Generation = YES;
				INFOPLIST_KEY_UIApplicationSupportsIndirectInputEvents = YES;
				INFOPLIST_KEY_UILaunchScreen_Generation = YES;
				INFOPLIST_KEY_UISupportedInterfaceOrientations_iPad = "UIInterfaceOrientationPortrait UIInterfaceOrientationPortraitUpsideDown UIInterfaceOrientationLandscapeLeft UIInterfaceOrientationLandscapeRight";
				INFOPLIST_KEY_UISupportedInterfaceOrientations_iPhone = "UIInterfaceOrientationPortrait UIInterfaceOrientationLandscapeLeft UIInterfaceOrientationLandscapeRight";
				LD_RUNPATH_SEARCH_PATHS = (
					"$(inherited)",
					"@executable_path/Frameworks",
				);
				MARKETING_VERSION = 1.0;
				PRODUCT_BUNDLE_IDENTIFIER = com.rpsgame.RPSgame;
				PRODUCT_NAME = "$(TARGET_NAME)";
				SWIFT_EMIT_LOC_STRINGS = YES;
				SWIFT_VERSION = 5.0;
				TARGETED_DEVICE_FAMILY = "1,2";
			};
			name = Debug;
		};
		188055A42EA8E0C800D99DE3 /* Release */ = {
			isa = XCBuildConfiguration;
			buildSettings = {
				ASSETCATALOG_COMPILER_APPICON_NAME = AppIcon;
				ASSETCATALOG_COMPILER_GLOBAL_ACCENT_COLOR_NAME = AccentColor;
				CODE_SIGN_STYLE = Automatic;
				CURRENT_PROJECT_VERSION = 1;
				DEVELOPMENT_ASSET_PATHS = "\"RPSgame/Preview Content\"";
				DEVELOPMENT_TEAM = WJAJA42L99;
				ENABLE_PREVIEWS = YES;
				GENERATE_INFOPLIST_FILE = YES;
				INFOPLIST_KEY_UIApplicationSceneManifest_Generation = YES;
				INFOPLIST_KEY_UIApplicationSupportsIndirectInputEvents = YES;
				INFOPLIST_KEY_UILaunchScreen_Generation = YES;
				INFOPLIST_KEY_UISupportedInterfaceOrientations_iPad = "UIInterfaceOrientationPortrait UIInterfaceOrientationPortraitUpsideDown UIInterfaceOrientationLandscapeLeft UIInterfaceOrientationLandscapeRight";
				INFOPLIST_KEY_UISupportedInterfaceOrientations_iPhone = "UIInterfaceOrientationPortrait UIInterfaceOrientationLandscapeLeft UIInterfaceOrientationLandscapeRight";
				LD_RUNPATH_SEARCH_PATHS = (
					"$(inherited)",
					"@executable_path/Frameworks",
				);
				MARKETING_VERSION = 1.0;
				PRODUCT_BUNDLE_IDENTIFIER = com.rpsgame.RPSgame;
				PRODUCT_NAME = "$(TARGET_NAME)";
				SWIFT_EMIT_LOC_STRINGS = YES;
				SWIFT_VERSION = 5.0;
				TARGETED_DEVICE_FAMILY = "1,2";
			};
			name = Release;
		};
		188055A62EA8E0C800D99DE3 /* Debug */ = {
			isa = XCBuildConfiguration;
			buildSettings = {
				BUNDLE_LOADER = "$(TEST_HOST)";
				CODE_SIGN_STYLE = Automatic;
				CURRENT_PROJECT_VERSION = 1;
				DEVELOPMENT_TEAM = WJAJA42L99;
				GENERATE_INFOPLIST_FILE = YES;
				IPHONEOS_DEPLOYMENT_TARGET = 18.2;
				MARKETING_VERSION = 1.0;
				PRODUCT_BUNDLE_IDENTIFIER = com.rpsgame.RPSgameTests;
				PRODUCT_NAME = "$(TARGET_NAME)";
				SWIFT_EMIT_LOC_STRINGS = NO;
				SWIFT_VERSION = 5.0;
				TARGETED_DEVICE_FAMILY = "1,2";
				TEST_HOST = "$(BUILT_PRODUCTS_DIR)/RPSgame.app/$(BUNDLE_EXECUTABLE_FOLDER_PATH)/RPSgame";
			};
			name = Debug;
		};
		188055A72EA8E0C800D99DE3 /* Release */ = {
			isa = XCBuildConfiguration;
			buildSettings = {
				BUNDLE_LOADER = "$(TEST_HOST)";
				CODE_SIGN_STYLE = Automatic;
				CURRENT_PROJECT_VERSION = 1;
				DEVELOPMENT_TEAM = WJAJA42L99;
				GENERATE_INFOPLIST_FILE = YES;
				IPHONEOS_DEPLOYMENT_TARGET = 18.2;
				MARKETING_VERSION = 1.0;
				PRODUCT_BUNDLE_IDENTIFIER = com.rpsgame.RPSgameTests;
				PRODUCT_NAME = "$(TARGET_NAME)";
				SWIFT_EMIT_LOC_STRINGS = NO;
				SWIFT_VERSION = 5.0;
				TARGETED_DEVICE_FAMILY = "1,2";
				TEST_HOST = "$(BUILT_PRODUCTS_DIR)/RPSgame.app/$(BUNDLE_EXECUTABLE_FOLDER_PATH)/RPSgame";
			};
			name = Release;
		};
		188055A92EA8E0C800D99DE3 /* Debug */ = {
			isa = XCBuildConfiguration;
			buildSettings = {
				CODE_SIGN_STYLE = Automatic;
				CURRENT_PROJECT_VERSION = 1;
				DEVELOPMENT_TEAM = WJAJA42L99;
				GENERATE_INFOPLIST_FILE = YES;
				MARKETING_VERSION = 1.0;
				PRODUCT_BUNDLE_IDENTIFIER = com.rpsgame.RPSgameUITests;
				PRODUCT_NAME = "$(TARGET_NAME)";
				SWIFT_EMIT_LOC_STRINGS = NO;
				SWIFT_VERSION = 5.0;
				TARGETED_DEVICE_FAMILY = "1,2";
				TEST_TARGET_NAME = RPSgame;
			};
			name = Debug;
		};
		188055AA2EA8E0C800D99DE3 /* Release */ = {
			isa = XCBuildConfiguration;
			buildSettings = {
				CODE_SIGN_STYLE = Automatic;
				CURRENT_PROJECT_VERSION = 1;
				DEVELOPMENT_TEAM = WJAJA42L99;
				GENERATE_INFOPLIST_FILE = YES;
				MARKETING_VERSION = 1.0;
				PRODUCT_BUNDLE_IDENTIFIER = com.rpsgame.RPSgameUITests;
				PRODUCT_NAME = "$(TARGET_NAME)";
				SWIFT_EMIT_LOC_STRINGS = NO;
				SWIFT_VERSION = 5.0;
				TARGETED_DEVICE_FAMILY = "1,2";
				TEST_TARGET_NAME = RPSgame;
			};
			name = Release;
		};
/* End XCBuildConfiguration section */

/* Begin XCConfigurationList section */
		188055792EA8E0C700D99DE3 /* Build configuration list for PBXProject "RPSgame" */ = {
			isa = XCConfigurationList;
			buildConfigurations = (
				188055A02EA8E0C800D99DE3 /* Debug */,
				188055A12EA8E0C800D99DE3 /* Release */,
			);
			defaultConfigurationIsVisible = 0;
			defaultConfigurationName = Release;
		};
		188055A22EA8E0C800D99DE3 /* Build configuration list for PBXNativeTarget "RPSgame" */ = {
			isa = XCConfigurationList;
			buildConfigurations = (
				188055A32EA8E0C800D99DE3 /* Debug */,
				188055A42EA8E0C800D99DE3 /* Release */,
			);
			defaultConfigurationIsVisible = 0;
			defaultConfigurationName = Release;
		};
		188055A52EA8E0C800D99DE3 /* Build configuration list for PBXNativeTarget "RPSgameTests" */ = {
			isa = XCConfigurationList;
			buildConfigurations = (
				188055A62EA8E0C800D99DE3 /* Debug */,
				188055A72EA8E0C800D99DE3 /* Release */,
			);
			defaultConfigurationIsVisible = 0;
			defaultConfigurationName = Release;
		};
		188055A82EA8E0C800D99DE3 /* Build configuration list for PBXNativeTarget "RPSgameUITests" */ = {
			isa = XCConfigurationList;
			buildConfigurations = (
				188055A92EA8E0C800D99DE3 /* Debug */,
				188055AA2EA8E0C800D99DE3 /* Release */,
			);
			defaultConfigurationIsVisible = 0;
			defaultConfigurationName = Release;
		};
/* End XCConfigurationList section */
	};
	rootObject = 188055762EA8E0C600D99DE3 /* Project object */;
}
